
Microsoft Visual Studio Solution File, Format Version 12.00
# Visual Studio Version 17
VisualStudioVersion = 17.14.37328.6 d17.14
MinimumVisualStudioVersion = 10.0.40219.1
Project("{FAE04EC0-301F-11D3-BF4B-00C04F79EFBC}") = "Iris", "Iris\Iris.csproj", "{6329D017-9200-4064-9A5A-4DE20FED5076}"
EndProject
Global
	GlobalSection(SolutionConfigurationPlatforms) = preSolution
		Debug|x64 = Debug|x64
		Release|x64 = Release|x64
	EndGlobalSection
	GlobalSection(ProjectConfigurationPlatforms) = postSolution
		{6329D017-9200-4064-9A5A-4DE20FED5076}.Debug|x64.ActiveCfg = Debug|x64
		{6329D017-9200-4064-9A5A-4DE20FED5076}.Debug|x64.Build.0 = Debug|x64
		{6329D017-9200-4064-9A5A-4DE20FED5076}.Release|x64.ActiveCfg = Release|x64
		{6329D017-9200-4064-9A5A-4DE20FED5076}.Release|x64.Build.0 = Release|x64
	EndGlobalSection
	GlobalSection(SolutionProperties) = preSolution
		HideSolutionNode = FALSE
	EndGlobalSection
	GlobalSection(ExtensibilityGlobals) = postSolution
		SolutionGuid = {3F6D303D-09CA-454C-AD6E-F2538871BED3}
	EndGlobalSection
EndGlobal
